
Microsoft Visual Studio Solution File, Format Version 12.00
# Visual Studio Version 16
VisualStudioVersion = 16.0.28922.388
MinimumVisualStudioVersion = 10.0.40219.1
Project("{FAE04EC0-301F-11D3-BF4B-00C04F79EFBC}") = "NewGoShoes", "NewGoShoes\NewGoShoes.csproj", "{1427D379-1E43-4B42-9CB0-162C209A7EE4}"
EndProject
Global
	GlobalSection(SolutionConfigurationPlatforms) = preSolution
		Debug|Any CPU = Debug|Any CPU
		Release|Any CPU = Release|Any CPU
	EndGlobalSection
	GlobalSection(ProjectConfigurationPlatforms) = postSolution
		{1427D379-1E43-4B42-9CB0-162C209A7EE4}.Debug|Any CPU.ActiveCfg = Debug|Any CPU
		{1427D379-1E43-4B42-9CB0-162C209A7EE4}.Debug|Any CPU.Build.0 = Debug|Any CPU
		{1427D379-1E43-4B42-9CB0-162C209A7EE4}.Release|Any CPU.ActiveCfg = Release|Any CPU
		{1427D379-1E43-4B42-9CB0-162C209A7EE4}.Release|Any CPU.Build.0 = Release|Any CPU
	EndGlobalSection
	GlobalSection(SolutionProperties) = preSolution
		HideSolutionNode = FALSE
	EndGlobalSection
	GlobalSection(ExtensibilityGlobals) = postSolution
		SolutionGuid = {52DEC0A9-FF33-4B70-A72F-4D0AE4747687}
	EndGlobalSection
EndGlobal
